{
  "lockfile_version": "1",
  "packages": {
    "github:NixOS/nixpkgs/nixpkgs-unstable": {
      "resolved": "github:NixOS/nixpkgs/dad564433178067be1fbdfcce23b546254b6d641?lastModified=1740019556&narHash=sha256-vn285HxnnlHLWnv59Og7muqECNMS33mWLM14soFIv2g%3D"
    },
    "nodejs@20.9.0": {
      "last_modified": "2023-11-17T14:14:56Z",
      "plugin_version": "0.0.2",
      "resolved": "github:NixOS/nixpkgs/a71323f68d4377d12c04a5410e214495ec598d4c#nodejs_20",
      "source": "devbox-search",
      "version": "20.9.0",
      "systems": {
        "aarch64-darwin": {
          "outputs": [
            {
              "name": "out",
              "path": "/nix/store/j3ysbimmll43w5zpx7whscyrk5pf9csd-nodejs-20.9.0",
              "default": true
            },
            {
              "name": "libv8",
              "path": "/nix/store/ngxj1h950wb6sphg1sk3qdizrnqnssin-nodejs-20.9.0-libv8"
            }
          ],
          "store_path": "/nix/store/j3ysbimmll43w5zpx7whscyrk5pf9csd-nodejs-20.9.0"
        },
        "aarch64-linux": {
          "outputs": [
            {
              "name": "out",
              "path": "/nix/store/bpxzgvpv9njj130aqi1qhvpmlvb7kc97-nodejs-20.9.0",
              "default": true
            },
            {
              "name": "libv8",
              "path": "/nix/store/p85yrl61p49lb0ays48pdgvqznrmzfb1-nodejs-20.9.0-libv8"
            }
          ],
          "store_path": "/nix/store/bpxzgvpv9njj130aqi1qhvpmlvb7kc97-nodejs-20.9.0"
        },
        "x86_64-darwin": {
          "outputs": [
            {
              "name": "out",
              "path": "/nix/store/c8alh4kgkra7ax2j166ahpb40n7jvkg1-nodejs-20.9.0",
              "default": true
            },
            {
              "name": "libv8",
              "path": "/nix/store/hfhdn4csp24ybnn4bay5kc2db7mc77n7-nodejs-20.9.0-libv8"
            }
          ],
          "store_path": "/nix/store/c8alh4kgkra7ax2j166ahpb40n7jvkg1-nodejs-20.9.0"
        },
        "x86_64-linux": {
          "outputs": [
            {
              "name": "out",
              "path": "/nix/store/a1hckfqzyys4rfgbdy5kmb5w0zdr55i5-nodejs-20.9.0",
              "default": true
            },
            {
              "name": "libv8",
              "path": "/nix/store/zh8mpfa11g0436pkzqg9mdgglprfgx0h-nodejs-20.9.0-libv8"
            }
          ],
          "store_path": "/nix/store/a1hckfqzyys4rfgbdy5kmb5w0zdr55i5-nodejs-20.9.0"
        }
      }
    },
    "pnpm@latest": {
      "last_modified": "2025-02-16T00:50:12Z",
      "resolved": "github:NixOS/nixpkgs/1dcdd535fef84d4671129a10e7072d56dca9a4d3#pnpm",
      "source": "devbox-search",
      "version": "10.4.0",
      "systems": {
        "aarch64-darwin": {
          "outputs": [
            {
              "name": "out",
              "path": "/nix/store/n4ix9rppd7f0zwxqml2wk41sr0sfiz9f-pnpm-10.4.0",
              "default": true
            }
          ],
          "store_path": "/nix/store/n4ix9rppd7f0zwxqml2wk41sr0sfiz9f-pnpm-10.4.0"
        },
        "aarch64-linux": {
          "outputs": [
            {
              "name": "out",
              "path": "/nix/store/y9mq1c88b72vfvrdlfzs1yxb0icgnk6r-pnpm-10.4.0",
              "default": true
            }
          ],
          "store_path": "/nix/store/y9mq1c88b72vfvrdlfzs1yxb0icgnk6r-pnpm-10.4.0"
        },
        "x86_64-darwin": {
          "outputs": [
            {
              "name": "out",
              "path": "/nix/store/hhkmqp2l3r0x6qllm58432i2yfkzhixh-pnpm-10.4.0",
              "default": true
            }
          ],
          "store_path": "/nix/store/hhkmqp2l3r0x6qllm58432i2yfkzhixh-pnpm-10.4.0"
        },
        "x86_64-linux": {
          "outputs": [
            {
              "name": "out",
              "path": "/nix/store/ihlqmjc0687gh6y5j3rm0li00xii5gk0-pnpm-10.4.0",
              "default": true
            }
          ],
          "store_path": "/nix/store/ihlqmjc0687gh6y5j3rm0li00xii5gk0-pnpm-10.4.0"
        }
      }
    }
  }
}
