{
  "lockfile_version": "1",
  "packages": {
    "github:NixOS/nixpkgs/nixpkgs-unstable": {
      "resolved": "github:NixOS/nixpkgs/dad564433178067be1fbdfcce23b546254b6d641?lastModified=1740019556&narHash=sha256-vn285HxnnlHLWnv59Og7muqECNMS33mWLM14soFIv2g%3D"
    },
    "nodejs@22.13.1": {
      "last_modified": "2025-02-07T11:26:36Z",
      "plugin_version": "0.0.2",
      "resolved": "github:NixOS/nixpkgs/d98abf5cf5914e5e4e9d57205e3af55ca90ffc1d#nodejs_22",
      "source": "devbox-search",
      "version": "22.13.1",
      "systems": {
        "aarch64-darwin": {
          "outputs": [
            {
              "name": "out",
              "path": "/nix/store/iqv9xkigz40p94zi0dgy3g21iybyvpkk-nodejs-22.13.1",
              "default": true
            },
            {
              "name": "libv8",
              "path": "/nix/store/imvfvqlxvwkdacjxln49hii8f3shir90-nodejs-22.13.1-libv8"
            }
          ],
          "store_path": "/nix/store/iqv9xkigz40p94zi0dgy3g21iybyvpkk-nodejs-22.13.1"
        },
        "aarch64-linux": {
          "outputs": [
            {
              "name": "out",
              "path": "/nix/store/77b6bhrkij6qdgl24bb33gpx6l7ijxpx-nodejs-22.13.1",
              "default": true
            },
            {
              "name": "libv8",
              "path": "/nix/store/3ry5lqz1126p39bmr6jc3h6qznbcaiqv-nodejs-22.13.1-libv8"
            }
          ],
          "store_path": "/nix/store/77b6bhrkij6qdgl24bb33gpx6l7ijxpx-nodejs-22.13.1"
        },
        "x86_64-darwin": {
          "outputs": [
            {
              "name": "out",
              "path": "/nix/store/j3mzln68f98vbkhxwb8gi06krwawnyrw-nodejs-22.13.1",
              "default": true
            },
            {
              "name": "libv8",
              "path": "/nix/store/r7h7c7i2qb3c7zrqpnyfj2dk1b1f7qvg-nodejs-22.13.1-libv8"
            }
          ],
          "store_path": "/nix/store/j3mzln68f98vbkhxwb8gi06krwawnyrw-nodejs-22.13.1"
        },
        "x86_64-linux": {
          "outputs": [
            {
              "name": "out",
              "path": "/nix/store/i1jdnip70qb7yh4krlzsgyxs0zdvw7xv-nodejs-22.13.1",
              "default": true
            },
            {
              "name": "libv8",
              "path": "/nix/store/6rnv25jp607ibr9k16paw776drvav77f-nodejs-22.13.1-libv8"
            }
          ],
          "store_path": "/nix/store/i1jdnip70qb7yh4krlzsgyxs0zdvw7xv-nodejs-22.13.1"
        }
      }
    },
    "pnpm@latest": {
      "last_modified": "2025-02-16T00:50:12Z",
      "resolved": "github:NixOS/nixpkgs/1dcdd535fef84d4671129a10e7072d56dca9a4d3#pnpm",
      "source": "devbox-search",
      "version": "10.4.0",
      "systems": {
        "aarch64-darwin": {
          "outputs": [
            {
              "name": "out",
              "path": "/nix/store/n4ix9rppd7f0zwxqml2wk41sr0sfiz9f-pnpm-10.4.0",
              "default": true
            }
          ],
          "store_path": "/nix/store/n4ix9rppd7f0zwxqml2wk41sr0sfiz9f-pnpm-10.4.0"
        },
        "aarch64-linux": {
          "outputs": [
            {
              "name": "out",
              "path": "/nix/store/y9mq1c88b72vfvrdlfzs1yxb0icgnk6r-pnpm-10.4.0",
              "default": true
            }
          ],
          "store_path": "/nix/store/y9mq1c88b72vfvrdlfzs1yxb0icgnk6r-pnpm-10.4.0"
        },
        "x86_64-darwin": {
          "outputs": [
            {
              "name": "out",
              "path": "/nix/store/hhkmqp2l3r0x6qllm58432i2yfkzhixh-pnpm-10.4.0",
              "default": true
            }
          ],
          "store_path": "/nix/store/hhkmqp2l3r0x6qllm58432i2yfkzhixh-pnpm-10.4.0"
        },
        "x86_64-linux": {
          "outputs": [
            {
              "name": "out",
              "path": "/nix/store/ihlqmjc0687gh6y5j3rm0li00xii5gk0-pnpm-10.4.0",
              "default": true
            }
          ],
          "store_path": "/nix/store/ihlqmjc0687gh6y5j3rm0li00xii5gk0-pnpm-10.4.0"
        }
      }
    }
  }
}
